
Microsoft Visual Studio Solution File, Format Version 12.00
# Visual Studio Version 17
VisualStudioVersion = 17.5.33516.290
MinimumVisualStudioVersion = 10.0.40219.1
Project("{FAE04EC0-301F-11D3-BF4B-00C04F79EFBC}") = "Travelling_Salesman_Problem", "Travelling_Salesman_Problem\Travelling_Salesman_Problem.csproj", "{858FA456-8086-4EFE-B437-F008B242A353}"
EndProject
Global
	GlobalSection(SolutionConfigurationPlatforms) = preSolution
		Debug|Any CPU = Debug|Any CPU
		Release|Any CPU = Release|Any CPU
	EndGlobalSection
	GlobalSection(ProjectConfigurationPlatforms) = postSolution
		{858FA456-8086-4EFE-B437-F008B242A353}.Debug|Any CPU.ActiveCfg = Debug|Any CPU
		{858FA456-8086-4EFE-B437-F008B242A353}.Debug|Any CPU.Build.0 = Debug|Any CPU
		{858FA456-8086-4EFE-B437-F008B242A353}.Release|Any CPU.ActiveCfg = Release|Any CPU
		{858FA456-8086-4EFE-B437-F008B242A353}.Release|Any CPU.Build.0 = Release|Any CPU
	EndGlobalSection
	GlobalSection(SolutionProperties) = preSolution
		HideSolutionNode = FALSE
	EndGlobalSection
	GlobalSection(ExtensibilityGlobals) = postSolution
		SolutionGuid = {49E4FCCB-52EF-4A63-B96D-DE1123293092}
	EndGlobalSection
EndGlobal
